
Microsoft Visual Studio Solution File, Format Version 12.00
# Visual Studio Version 16
VisualStudioVersion = 16.0.29709.97
MinimumVisualStudioVersion = 10.0.40219.1
Project("{FAE04EC0-301F-11D3-BF4B-00C04F79EFBC}") = "UplanTest.UWP", "UplanTest.UWP\UplanTest.UWP.csproj", "{F07F9C46-D6CF-497B-8B9E-B7179DBF8622}"
EndProject
Project("{FAE04EC0-301F-11D3-BF4B-00C04F79EFBC}") = "UplanTest.Android", "UplanTest.Android\UplanTest.Android.csproj", "{9F352103-1152-4172-95EE-F28AD43E95F7}"
EndProject
Project("{FAE04EC0-301F-11D3-BF4B-00C04F79EFBC}") = "UplanTest.iOS", "UplanTest.iOS\UplanTest.iOS.csproj", "{D305EB71-A199-46F6-B783-7FE687642B78}"
EndProject
Project("{FAE04EC0-301F-11D3-BF4B-00C04F79EFBC}") = "UplanTest", "UplanTest\UplanTest.csproj", "{F7049F22-22BC-4FA0-B014-0EB37E657B5A}"
EndProject
Global
	GlobalSection(SolutionConfigurationPlatforms) = preSolution
		Debug|Any CPU = Debug|Any CPU
		Debug|ARM = Debug|ARM
		Debug|iPhone = Debug|iPhone
		Debug|iPhoneSimulator = Debug|iPhoneSimulator
		Debug|x64 = Debug|x64
		Debug|x86 = Debug|x86
		Release|Any CPU = Release|Any CPU
		Release|ARM = Release|ARM
		Release|iPhone = Release|iPhone
		Release|iPhoneSimulator = Release|iPhoneSimulator
		Release|x64 = Release|x64
		Release|x86 = Release|x86
	EndGlobalSection
	GlobalSection(ProjectConfigurationPlatforms) = postSolution
		{F07F9C46-D6CF-497B-8B9E-B7179DBF8622}.Debug|Any CPU.ActiveCfg = Debug|x86
		{F07F9C46-D6CF-497B-8B9E-B7179DBF8622}.Debug|Any CPU.Build.0 = Debug|x86
		{F07F9C46-D6CF-497B-8B9E-B7179DBF8622}.Debug|Any CPU.Deploy.0 = Debug|x86
		{F07F9C46-D6CF-497B-8B9E-B7179DBF8622}.Debug|ARM.ActiveCfg = Debug|ARM
		{F07F9C46-D6CF-497B-8B9E-B7179DBF8622}.Debug|ARM.Build.0 = Debug|ARM
		{F07F9C46-D6CF-497B-8B9E-B7179DBF8622}.Debug|ARM.Deploy.0 = Debug|ARM
		{F07F9C46-D6CF-497B-8B9E-B7179DBF8622}.Debug|iPhone.ActiveCfg = Debug|x86
		{F07F9C46-D6CF-497B-8B9E-B7179DBF8622}.Debug|iPhone.Build.0 = Debug|x86
		{F07F9C46-D6CF-497B-8B9E-B7179DBF8622}.Debug|iPhone.Deploy.0 = Debug|x86
		{F07F9C46-D6CF-497B-8B9E-B7179DBF8622}.Debug|iPhoneSimulator.ActiveCfg = Debug|x86
		{F07F9C46-D6CF-497B-8B9E-B7179DBF8622}.Debug|iPhoneSimulator.Build.0 = Debug|x86
		{F07F9C46-D6CF-497B-8B9E-B7179DBF8622}.Debug|iPhoneSimulator.Deploy.0 = Debug|x86
		{F07F9C46-D6CF-497B-8B9E-B7179DBF8622}.Debug|x64.ActiveCfg = Debug|x64
		{F07F9C46-D6CF-497B-8B9E-B7179DBF8622}.Debug|x64.Build.0 = Debug|x64
		{F07F9C46-D6CF-497B-8B9E-B7179DBF8622}.Debug|x64.Deploy.0 = Debug|x64
		{F07F9C46-D6CF-497B-8B9E-B7179DBF8622}.Debug|x86.ActiveCfg = Debug|x86
		{F07F9C46-D6CF-497B-8B9E-B7179DBF8622}.Debug|x86.Build.0 = Debug|x86
		{F07F9C46-D6CF-497B-8B9E-B7179DBF8622}.Debug|x86.Deploy.0 = Debug|x86
		{F07F9C46-D6CF-497B-8B9E-B7179DBF8622}.Release|Any CPU.ActiveCfg = Release|x86
		{F07F9C46-D6CF-497B-8B9E-B7179DBF8622}.Release|Any CPU.Build.0 = Release|x86
		{F07F9C46-D6CF-497B-8B9E-B7179DBF8622}.Release|Any CPU.Deploy.0 = Release|x86
		{F07F9C46-D6CF-497B-8B9E-B7179DBF8622}.Release|ARM.ActiveCfg = Release|ARM
		{F07F9C46-D6CF-497B-8B9E-B7179DBF8622}.Release|ARM.Build.0 = Release|ARM
		{F07F9C46-D6CF-497B-8B9E-B7179DBF8622}.Release|ARM.Deploy.0 = Release|ARM
		{F07F9C46-D6CF-497B-8B9E-B7179DBF8622}.Release|iPhone.ActiveCfg = Release|x86
		{F07F9C46-D6CF-497B-8B9E-B7179DBF8622}.Release|iPhone.Build.0 = Release|x86
		{F07F9C46-D6CF-497B-8B9E-B7179DBF8622}.Release|iPhone.Deploy.0 = Release|x86
		{F07F9C46-D6CF-497B-8B9E-B7179DBF8622}.Release|iPhoneSimulator.ActiveCfg = Release|x86
		{F07F9C46-D6CF-497B-8B9E-B7179DBF8622}.Release|iPhoneSimulator.Build.0 = Release|x86
		{F07F9C46-D6CF-497B-8B9E-B7179DBF8622}.Release|iPhoneSimulator.Deploy.0 = Release|x86
		{F07F9C46-D6CF-497B-8B9E-B7179DBF8622}.Release|x64.ActiveCfg = Release|x64
		{F07F9C46-D6CF-497B-8B9E-B7179DBF8622}.Release|x64.Build.0 = Release|x64
		{F07F9C46-D6CF-497B-8B9E-B7179DBF8622}.Release|x64.Deploy.0 = Release|x64
		{F07F9C46-D6CF-497B-8B9E-B7179DBF8622}.Release|x86.ActiveCfg = Release|x86
		{F07F9C46-D6CF-497B-8B9E-B7179DBF8622}.Release|x86.Build.0 = Release|x86
		{F07F9C46-D6CF-497B-8B9E-B7179DBF8622}.Release|x86.Deploy.0 = Release|x86
		{9F352103-1152-4172-95EE-F28AD43E95F7}.Debug|Any CPU.ActiveCfg = Debug|Any CPU
		{9F352103-1152-4172-95EE-F28AD43E95F7}.Debug|Any CPU.Build.0 = Debug|Any CPU
		{9F352103-1152-4172-95EE-F28AD43E95F7}.Debug|Any CPU.Deploy.0 = Debug|Any CPU
		{9F352103-1152-4172-95EE-F28AD43E95F7}.Debug|ARM.ActiveCfg = Debug|Any CPU
		{9F352103-1152-4172-95EE-F28AD43E95F7}.Debug|ARM.Build.0 = Debug|Any CPU
		{9F352103-1152-4172-95EE-F28AD43E95F7}.Debug|ARM.Deploy.0 = Debug|Any CPU
		{9F352103-1152-4172-95EE-F28AD43E95F7}.Debug|iPhone.ActiveCfg = Debug|Any CPU
		{9F352103-1152-4172-95EE-F28AD43E95F7}.Debug|iPhone.Build.0 = Debug|Any CPU
		{9F352103-1152-4172-95EE-F28AD43E95F7}.Debug|iPhone.Deploy.0 = Debug|Any CPU
		{9F352103-1152-4172-95EE-F28AD43E95F7}.Debug|iPhoneSimulator.ActiveCfg = Debug|Any CPU
		{9F352103-1152-4172-95EE-F28AD43E95F7}.Debug|iPhoneSimulator.Build.0 = Debug|Any CPU
		{9F352103-1152-4172-95EE-F28AD43E95F7}.Debug|iPhoneSimulator.Deploy.0 = Debug|Any CPU
		{9F352103-1152-4172-95EE-F28AD43E95F7}.Debug|x64.ActiveCfg = Debug|Any CPU
		{9F352103-1152-4172-95EE-F28AD43E95F7}.Debug|x64.Build.0 = Debug|Any CPU
		{9F352103-1152-4172-95EE-F28AD43E95F7}.Debug|x64.Deploy.0 = Debug|Any CPU
		{9F352103-1152-4172-95EE-F28AD43E95F7}.Debug|x86.ActiveCfg = Debug|Any CPU
		{9F352103-1152-4172-95EE-F28AD43E95F7}.Debug|x86.Build.0 = Debug|Any CPU
		{9F352103-1152-4172-95EE-F28AD43E95F7}.Debug|x86.Deploy.0 = Debug|Any CPU
		{9F352103-1152-4172-95EE-F28AD43E95F7}.Release|Any CPU.ActiveCfg = Release|Any CPU
		{9F352103-1152-4172-95EE-F28AD43E95F7}.Release|Any CPU.Build.0 = Release|Any CPU
		{9F352103-1152-4172-95EE-F28AD43E95F7}.Release|Any CPU.Deploy.0 = Release|Any CPU
		{9F352103-1152-4172-95EE-F28AD43E95F7}.Release|ARM.ActiveCfg = Release|Any CPU
		{9F352103-1152-4172-95EE-F28AD43E95F7}.Release|ARM.Build.0 = Release|Any CPU
		{9F352103-1152-4172-95EE-F28AD43E95F7}.Release|ARM.Deploy.0 = Release|Any CPU
		{9F352103-1152-4172-95EE-F28AD43E95F7}.Release|iPhone.ActiveCfg = Release|Any CPU
		{9F352103-1152-4172-95EE-F28AD43E95F7}.Release|iPhone.Build.0 = Release|Any CPU
		{9F352103-1152-4172-95EE-F28AD43E95F7}.Release|iPhone.Deploy.0 = Release|Any CPU
		{9F352103-1152-4172-95EE-F28AD43E95F7}.Release|iPhoneSimulator.ActiveCfg = Release|Any CPU
		{9F352103-1152-4172-95EE-F28AD43E95F7}.Release|iPhoneSimulator.Build.0 = Release|Any CPU
		{9F352103-1152-4172-95EE-F28AD43E95F7}.Release|iPhoneSimulator.Deploy.0 = Release|Any CPU
		{9F352103-1152-4172-95EE-F28AD43E95F7}.Release|x64.ActiveCfg = Release|Any CPU
		{9F352103-1152-4172-95EE-F28AD43E95F7}.Release|x64.Build.0 = Release|Any CPU
		{9F352103-1152-4172-95EE-F28AD43E95F7}.Release|x64.Deploy.0 = Release|Any CPU
		{9F352103-1152-4172-95EE-F28AD43E95F7}.Release|x86.ActiveCfg = Release|Any CPU
		{9F352103-1152-4172-95EE-F28AD43E95F7}.Release|x86.Build.0 = Release|Any CPU
		{9F352103-1152-4172-95EE-F28AD43E95F7}.Release|x86.Deploy.0 = Release|Any CPU
		{D305EB71-A199-46F6-B783-7FE687642B78}.Debug|Any CPU.ActiveCfg = Debug|iPhone
		{D305EB71-A199-46F6-B783-7FE687642B78}.Debug|Any CPU.Build.0 = Debug|iPhone
		{D305EB71-A199-46F6-B783-7FE687642B78}.Debug|Any CPU.Deploy.0 = Debug|iPhone
		{D305EB71-A199-46F6-B783-7FE687642B78}.Debug|ARM.ActiveCfg = Debug|iPhoneSimulator
		{D305EB71-A199-46F6-B783-7FE687642B78}.Debug|ARM.Build.0 = Debug|iPhoneSimulator
		{D305EB71-A199-46F6-B783-7FE687642B78}.Debug|ARM.Deploy.0 = Debug|iPhoneSimulator
		{D305EB71-A199-46F6-B783-7FE687642B78}.Debug|iPhone.ActiveCfg = Debug|iPhone
		{D305EB71-A199-46F6-B783-7FE687642B78}.Debug|iPhone.Build.0 = Debug|iPhone
		{D305EB71-A199-46F6-B783-7FE687642B78}.Debug|iPhone.Deploy.0 = Debug|iPhone
		{D305EB71-A199-46F6-B783-7FE687642B78}.Debug|iPhoneSimulator.ActiveCfg = Debug|iPhoneSimulator
		{D305EB71-A199-46F6-B783-7FE687642B78}.Debug|iPhoneSimulator.Build.0 = Debug|iPhoneSimulator
		{D305EB71-A199-46F6-B783-7FE687642B78}.Debug|iPhoneSimulator.Deploy.0 = Debug|iPhoneSimulator
		{D305EB71-A199-46F6-B783-7FE687642B78}.Debug|x64.ActiveCfg = Debug|iPhone
		{D305EB71-A199-46F6-B783-7FE687642B78}.Debug|x64.Build.0 = Debug|iPhone
		{D305EB71-A199-46F6-B783-7FE687642B78}.Debug|x64.Deploy.0 = Debug|iPhone
		{D305EB71-A199-46F6-B783-7FE687642B78}.Debug|x86.ActiveCfg = Debug|iPhone
		{D305EB71-A199-46F6-B783-7FE687642B78}.Debug|x86.Build.0 = Debug|iPhone
		{D305EB71-A199-46F6-B783-7FE687642B78}.Debug|x86.Deploy.0 = Debug|iPhone
		{D305EB71-A199-46F6-B783-7FE687642B78}.Release|Any CPU.ActiveCfg = Release|iPhone
		{D305EB71-A199-46F6-B783-7FE687642B78}.Release|Any CPU.Build.0 = Release|iPhone
		{D305EB71-A199-46F6-B783-7FE687642B78}.Release|Any CPU.Deploy.0 = Release|iPhone
		{D305EB71-A199-46F6-B783-7FE687642B78}.Release|ARM.ActiveCfg = Release|iPhone
		{D305EB71-A199-46F6-B783-7FE687642B78}.Release|ARM.Build.0 = Release|iPhone
		{D305EB71-A199-46F6-B783-7FE687642B78}.Release|ARM.Deploy.0 = Release|iPhone
		{D305EB71-A199-46F6-B783-7FE687642B78}.Release|iPhone.ActiveCfg = Release|iPhone
		{D305EB71-A199-46F6-B783-7FE687642B78}.Release|iPhone.Build.0 = Release|iPhone
		{D305EB71-A199-46F6-B783-7FE687642B78}.Release|iPhone.Deploy.0 = Release|iPhone
		{D305EB71-A199-46F6-B783-7FE687642B78}.Release|iPhoneSimulator.ActiveCfg = Release|iPhoneSimulator
		{D305EB71-A199-46F6-B783-7FE687642B78}.Release|iPhoneSimulator.Build.0 = Release|iPhoneSimulator
		{D305EB71-A199-46F6-B783-7FE687642B78}.Release|iPhoneSimulator.Deploy.0 = Release|iPhoneSimulator
		{D305EB71-A199-46F6-B783-7FE687642B78}.Release|x64.ActiveCfg = Release|iPhone
		{D305EB71-A199-46F6-B783-7FE687642B78}.Release|x64.Build.0 = Release|iPhone
		{D305EB71-A199-46F6-B783-7FE687642B78}.Release|x64.Deploy.0 = Release|iPhone
		{D305EB71-A199-46F6-B783-7FE687642B78}.Release|x86.ActiveCfg = Release|iPhone
		{D305EB71-A199-46F6-B783-7FE687642B78}.Release|x86.Build.0 = Release|iPhone
		{D305EB71-A199-46F6-B783-7FE687642B78}.Release|x86.Deploy.0 = Release|iPhone
		{F7049F22-22BC-4FA0-B014-0EB37E657B5A}.Debug|Any CPU.ActiveCfg = Debug|Any CPU
		{F7049F22-22BC-4FA0-B014-0EB37E657B5A}.Debug|Any CPU.Build.0 = Debug|Any CPU
		{F7049F22-22BC-4FA0-B014-0EB37E657B5A}.Debug|Any CPU.Deploy.0 = Debug|Any CPU
		{F7049F22-22BC-4FA0-B014-0EB37E657B5A}.Debug|ARM.ActiveCfg = Debug|Any CPU
		{F7049F22-22BC-4FA0-B014-0EB37E657B5A}.Debug|ARM.Build.0 = Debug|Any CPU
		{F7049F22-22BC-4FA0-B014-0EB37E657B5A}.Debug|ARM.Deploy.0 = Debug|Any CPU
		{F7049F22-22BC-4FA0-B014-0EB37E657B5A}.Debug|iPhone.ActiveCfg = Debug|Any CPU
		{F7049F22-22BC-4FA0-B014-0EB37E657B5A}.Debug|iPhone.Build.0 = Debug|Any CPU
		{F7049F22-22BC-4FA0-B014-0EB37E657B5A}.Debug|iPhone.Deploy.0 = Debug|Any CPU
		{F7049F22-22BC-4FA0-B014-0EB37E657B5A}.Debug|iPhoneSimulator.ActiveCfg = Debug|Any CPU
		{F7049F22-22BC-4FA0-B014-0EB37E657B5A}.Debug|iPhoneSimulator.Build.0 = Debug|Any CPU
		{F7049F22-22BC-4FA0-B014-0EB37E657B5A}.Debug|iPhoneSimulator.Deploy.0 = Debug|Any CPU
		{F7049F22-22BC-4FA0-B014-0EB37E657B5A}.Debug|x64.ActiveCfg = Debug|Any CPU
		{F7049F22-22BC-4FA0-B014-0EB37E657B5A}.Debug|x64.Build.0 = Debug|Any CPU
		{F7049F22-22BC-4FA0-B014-0EB37E657B5A}.Debug|x64.Deploy.0 = Debug|Any CPU
		{F7049F22-22BC-4FA0-B014-0EB37E657B5A}.Debug|x86.ActiveCfg = Debug|Any CPU
		{F7049F22-22BC-4FA0-B014-0EB37E657B5A}.Debug|x86.Build.0 = Debug|Any CPU
		{F7049F22-22BC-4FA0-B014-0EB37E657B5A}.Debug|x86.Deploy.0 = Debug|Any CPU
		{F7049F22-22BC-4FA0-B014-0EB37E657B5A}.Release|Any CPU.ActiveCfg = Release|Any CPU
		{F7049F22-22BC-4FA0-B014-0EB37E657B5A}.Release|Any CPU.Build.0 = Release|Any CPU
		{F7049F22-22BC-4FA0-B014-0EB37E657B5A}.Release|Any CPU.Deploy.0 = Release|Any CPU
		{F7049F22-22BC-4FA0-B014-0EB37E657B5A}.Release|ARM.ActiveCfg = Release|Any CPU
		{F7049F22-22BC-4FA0-B014-0EB37E657B5A}.Release|ARM.Build.0 = Release|Any CPU
		{F7049F22-22BC-4FA0-B014-0EB37E657B5A}.Release|ARM.Deploy.0 = Release|Any CPU
		{F7049F22-22BC-4FA0-B014-0EB37E657B5A}.Release|iPhone.ActiveCfg = Release|Any CPU
		{F7049F22-22BC-4FA0-B014-0EB37E657B5A}.Release|iPhone.Build.0 = Release|Any CPU
		{F7049F22-22BC-4FA0-B014-0EB37E657B5A}.Release|iPhone.Deploy.0 = Release|Any CPU
		{F7049F22-22BC-4FA0-B014-0EB37E657B5A}.Release|iPhoneSimulator.ActiveCfg = Release|Any CPU
		{F7049F22-22BC-4FA0-B014-0EB37E657B5A}.Release|iPhoneSimulator.Build.0 = Release|Any CPU
		{F7049F22-22BC-4FA0-B014-0EB37E657B5A}.Release|iPhoneSimulator.Deploy.0 = Release|Any CPU
		{F7049F22-22BC-4FA0-B014-0EB37E657B5A}.Release|x64.ActiveCfg = Release|Any CPU
		{F7049F22-22BC-4FA0-B014-0EB37E657B5A}.Release|x64.Build.0 = Release|Any CPU
		{F7049F22-22BC-4FA0-B014-0EB37E657B5A}.Release|x64.Deploy.0 = Release|Any CPU
		{F7049F22-22BC-4FA0-B014-0EB37E657B5A}.Release|x86.ActiveCfg = Release|Any CPU
		{F7049F22-22BC-4FA0-B014-0EB37E657B5A}.Release|x86.Build.0 = Release|Any CPU
		{F7049F22-22BC-4FA0-B014-0EB37E657B5A}.Release|x86.Deploy.0 = Release|Any CPU
	EndGlobalSection
	GlobalSection(SolutionProperties) = preSolution
		HideSolutionNode = FALSE
	EndGlobalSection
	GlobalSection(ExtensibilityGlobals) = postSolution
		SolutionGuid = {8AA33D51-8D2F-45E3-830E-08719623FAEF}
	EndGlobalSection
EndGlobal
